// !$*UTF8*$!
{
	archiveVersion = 1;
	classes = {
	};
	objectVersion = 56;
	objects = {

/* Begin PBXBuildFile section */
		67DAD5CC2D082F6D009E669C /* AppDelegate.swift in Sources */ = {isa = PBXBuildFile; fileRef = 67DAD5CB2D082F6D009E669C /* AppDelegate.swift */; };
		67DAD5CE2D082F6D009E669C /* SceneDelegate.swift in Sources */ = {isa = PBXBuildFile; fileRef = 67DAD5CD2D082F6D009E669C /* SceneDelegate.swift */; };
		67DAD5D02D082F6D009E669C /* ViewController.swift in Sources */ = {isa = PBXBuildFile; fileRef = 67DAD5CF2D082F6D009E669C /* ViewController.swift */; };
		67DAD5D32D082F6D009E669C /* Base in Resources */ = {isa = PBXBuildFile; fileRef = 67DAD5D22D082F6D009E669C /* Base */; };
		67DAD5D52D082F6F009E669C /* Assets.xcassets in Resources */ = {isa = PBXBuildFile; fileRef = 67DAD5D42D082F6F009E669C /* Assets.xcassets */; };
		67DAD5D82D082F6F009E669C /* Base in Resources */ = {isa = PBXBuildFile; fileRef = 67DAD5D72D082F6F009E669C /* Base */; };
		67DAD5E32D082F6F009E669C /* TP6Tests.swift in Sources */ = {isa = PBXBuildFile; fileRef = 67DAD5E22D082F6F009E669C /* TP6Tests.swift */; };
		67DAD5ED2D082F6F009E669C /* TP6UITests.swift in Sources */ = {isa = PBXBuildFile; fileRef = 67DAD5EC2D082F6F009E669C /* TP6UITests.swift */; };
		67DAD5EF2D082F6F009E669C /* TP6UITestsLaunchTests.swift in Sources */ = {isa = PBXBuildFile; fileRef = 67DAD5EE2D082F6F009E669C /* TP6UITestsLaunchTests.swift */; };
		67DAD5FC2D083666009E669C /* dataTools.swift in Sources */ = {isa = PBXBuildFile; fileRef = 67DAD5FB2D083666009E669C /* dataTools.swift */; };
		67DAD5FE2D08428F009E669C /* LightningImpact.swift in Sources */ = {isa = PBXBuildFile; fileRef = 67DAD5FD2D08428F009E669C /* LightningImpact.swift */; };
/* End PBXBuildFile section */

/* Begin PBXContainerItemProxy section */
		67DAD5DF2D082F6F009E669C /* PBXContainerItemProxy */ = {
			isa = PBXContainerItemProxy;
			containerPortal = 67DAD5C02D082F6D009E669C /* Project object */;
			proxyType = 1;
			remoteGlobalIDString = 67DAD5C72D082F6D009E669C;
			remoteInfo = TP6;
		};
		67DAD5E92D082F6F009E669C /* PBXContainerItemProxy */ = {
			isa = PBXContainerItemProxy;
			containerPortal = 67DAD5C02D082F6D009E669C /* Project object */;
			proxyType = 1;
			remoteGlobalIDString = 67DAD5C72D082F6D009E669C;
			remoteInfo = TP6;
		};
/* End PBXContainerItemProxy section */

/* Begin PBXFileReference section */
		67DAD5C82D082F6D009E669C /* TP6.app */ = {isa = PBXFileReference; explicitFileType = wrapper.application; includeInIndex = 0; path = TP6.app; sourceTree = BUILT_PRODUCTS_DIR; };
		67DAD5CB2D082F6D009E669C /* AppDelegate.swift */ = {isa = PBXFileReference; lastKnownFileType = sourcecode.swift; path = AppDelegate.swift; sourceTree = "<group>"; };
		67DAD5CD2D082F6D009E669C /* SceneDelegate.swift */ = {isa = PBXFileReference; lastKnownFileType = sourcecode.swift; path = SceneDelegate.swift; sourceTree = "<group>"; };
		67DAD5CF2D082F6D009E669C /* ViewController.swift */ = {isa = PBXFileReference; lastKnownFileType = sourcecode.swift; path = ViewController.swift; sourceTree = "<group>"; };
		67DAD5D22D082F6D009E669C /* Base */ = {isa = PBXFileReference; lastKnownFileType = file.storyboard; name = Base; path = Base.lproj/Main.storyboard; sourceTree = "<group>"; };
		67DAD5D42D082F6F009E669C /* Assets.xcassets */ = {isa = PBXFileReference; lastKnownFileType = folder.assetcatalog; path = Assets.xcassets; sourceTree = "<group>"; };
		67DAD5D72D082F6F009E669C /* Base */ = {isa = PBXFileReference; lastKnownFileType = file.storyboard; name = Base; path = Base.lproj/LaunchScreen.storyboard; sourceTree = "<group>"; };
		67DAD5D92D082F6F009E669C /* Info.plist */ = {isa = PBXFileReference; lastKnownFileType = text.plist.xml; path = Info.plist; sourceTree = "<group>"; };
		67DAD5DE2D082F6F009E669C /* TP6Tests.xctest */ = {isa = PBXFileReference; explicitFileType = wrapper.cfbundle; includeInIndex = 0; path = TP6Tests.xctest; sourceTree = BUILT_PRODUCTS_DIR; };
		67DAD5E22D082F6F009E669C /* TP6Tests.swift */ = {isa = PBXFileReference; lastKnownFileType = sourcecode.swift; path = TP6Tests.swift; sourceTree = "<group>"; };
		67DAD5E82D082F6F009E669C /* TP6UITests.xctest */ = {isa = PBXFileReference; explicitFileType = wrapper.cfbundle; includeInIndex = 0; path = TP6UITests.xctest; sourceTree = BUILT_PRODUCTS_DIR; };
		67DAD5EC2D082F6F009E669C /* TP6UITests.swift */ = {isa = PBXFileReference; lastKnownFileType = sourcecode.swift; path = TP6UITests.swift; sourceTree = "<group>"; };
		67DAD5EE2D082F6F009E669C /* TP6UITestsLaunchTests.swift */ = {isa = PBXFileReference; lastKnownFileType = sourcecode.swift; path = TP6UITestsLaunchTests.swift; sourceTree = "<group>"; };
		67DAD5FB2D083666009E669C /* dataTools.swift */ = {isa = PBXFileReference; lastKnownFileType = sourcecode.swift; path = dataTools.swift; sourceTree = "<group>"; };
		67DAD5FD2D08428F009E669C /* LightningImpact.swift */ = {isa = PBXFileReference; lastKnownFileType = sourcecode.swift; path = LightningImpact.swift; sourceTree = "<group>"; };
/* End PBXFileReference section */

/* Begin PBXFrameworksBuildPhase section */
		67DAD5C52D082F6D009E669C /* Frameworks */ = {
			isa = PBXFrameworksBuildPhase;
			buildActionMask = 2147483647;
			files = (
			);
			runOnlyForDeploymentPostprocessing = 0;
		};
		67DAD5DB2D082F6F009E669C /* Frameworks */ = {
			isa = PBXFrameworksBuildPhase;
			buildActionMask = 2147483647;
			files = (
			);
			runOnlyForDeploymentPostprocessing = 0;
		};
		67DAD5E52D082F6F009E669C /* Frameworks */ = {
			isa = PBXFrameworksBuildPhase;
			buildActionMask = 2147483647;
			files = (
			);
			runOnlyForDeploymentPostprocessing = 0;
		};
/* End PBXFrameworksBuildPhase section */

/* Begin PBXGroup section */
		67DAD5BF2D082F6D009E669C = {
			isa = PBXGroup;
			children = (
				67DAD5CA2D082F6D009E669C /* TP6 */,
				67DAD5E12D082F6F009E669C /* TP6Tests */,
				67DAD5EB2D082F6F009E669C /* TP6UITests */,
				67DAD5C92D082F6D009E669C /* Products */,
			);
			sourceTree = "<group>";
		};
		67DAD5C92D082F6D009E669C /* Products */ = {
			isa = PBXGroup;
			children = (
				67DAD5C82D082F6D009E669C /* TP6.app */,
				67DAD5DE2D082F6F009E669C /* TP6Tests.xctest */,
				67DAD5E82D082F6F009E669C /* TP6UITests.xctest */,
			);
			name = Products;
			sourceTree = "<group>";
		};
		67DAD5CA2D082F6D009E669C /* TP6 */ = {
			isa = PBXGroup;
			children = (
				67DAD5CB2D082F6D009E669C /* AppDelegate.swift */,
				67DAD5CD2D082F6D009E669C /* SceneDelegate.swift */,
				67DAD5CF2D082F6D009E669C /* ViewController.swift */,
				67DAD5D12D082F6D009E669C /* Main.storyboard */,
				67DAD5D42D082F6F009E669C /* Assets.xcassets */,
				67DAD5D62D082F6F009E669C /* LaunchScreen.storyboard */,
				67DAD5D92D082F6F009E669C /* Info.plist */,
				67DAD5FB2D083666009E669C /* dataTools.swift */,
				67DAD5FD2D08428F009E669C /* LightningImpact.swift */,
			);
			path = TP6;
			sourceTree = "<group>";
		};
		67DAD5E12D082F6F009E669C /* TP6Tests */ = {
			isa = PBXGroup;
			children = (
				67DAD5E22D082F6F009E669C /* TP6Tests.swift */,
			);
			path = TP6Tests;
			sourceTree = "<group>";
		};
		67DAD5EB2D082F6F009E669C /* TP6UITests */ = {
			isa = PBXGroup;
			children = (
				67DAD5EC2D082F6F009E669C /* TP6UITests.swift */,
				67DAD5EE2D082F6F009E669C /* TP6UITestsLaunchTests.swift */,
			);
			path = TP6UITests;
			sourceTree = "<group>";
		};
/* End PBXGroup section */

/* Begin PBXNativeTarget section */
		67DAD5C72D082F6D009E669C /* TP6 */ = {
			isa = PBXNativeTarget;
			buildConfigurationList = 67DAD5F22D082F6F009E669C /* Build configuration list for PBXNativeTarget "TP6" */;
			buildPhases = (
				67DAD5C42D082F6D009E669C /* Sources */,
				67DAD5C52D082F6D009E669C /* Frameworks */,
				67DAD5C62D082F6D009E669C /* Resources */,
			);
			buildRules = (
			);
			dependencies = (
			);
			name = TP6;
			productName = TP6;
			productReference = 67DAD5C82D082F6D009E669C /* TP6.app */;
			productType = "com.apple.product-type.application";
		};
		67DAD5DD2D082F6F009E669C /* TP6Tests */ = {
			isa = PBXNativeTarget;
			buildConfigurationList = 67DAD5F52D082F6F009E669C /* Build configuration list for PBXNativeTarget "TP6Tests" */;
			buildPhases = (
				67DAD5DA2D082F6F009E669C /* Sources */,
				67DAD5DB2D082F6F009E669C /* Frameworks */,
				67DAD5DC2D082F6F009E669C /* Resources */,
			);
			buildRules = (
			);
			dependencies = (
				67DAD5E02D082F6F009E669C /* PBXTargetDependency */,
			);
			name = TP6Tests;
			productName = TP6Tests;
			productReference = 67DAD5DE2D082F6F009E669C /* TP6Tests.xctest */;
			productType = "com.apple.product-type.bundle.unit-test";
		};
		67DAD5E72D082F6F009E669C /* TP6UITests */ = {
			isa = PBXNativeTarget;
			buildConfigurationList = 67DAD5F82D082F6F009E669C /* Build configuration list for PBXNativeTarget "TP6UITests" */;
			buildPhases = (
				67DAD5E42D082F6F009E669C /* Sources */,
				67DAD5E52D082F6F009E669C /* Frameworks */,
				67DAD5E62D082F6F009E669C /* Resources */,
			);
			buildRules = (
			);
			dependencies = (
				67DAD5EA2D082F6F009E669C /* PBXTargetDependency */,
			);
			name = TP6UITests;
			productName = TP6UITests;
			productReference = 67DAD5E82D082F6F009E669C /* TP6UITests.xctest */;
			productType = "com.apple.product-type.bundle.ui-testing";
		};
/* End PBXNativeTarget section */

/* Begin PBXProject section */
		67DAD5C02D082F6D009E669C /* Project object */ = {
			isa = PBXProject;
			attributes = {
				BuildIndependentTargetsInParallel = 1;
				LastSwiftUpdateCheck = 1540;
				LastUpgradeCheck = 1540;
				TargetAttributes = {
					67DAD5C72D082F6D009E669C = {
						CreatedOnToolsVersion = 15.4;
					};
					67DAD5DD2D082F6F009E669C = {
						CreatedOnToolsVersion = 15.4;
						TestTargetID = 67DAD5C72D082F6D009E669C;
					};
					67DAD5E72D082F6F009E669C = {
						CreatedOnToolsVersion = 15.4;
						TestTargetID = 67DAD5C72D082F6D009E669C;
					};
				};
			};
			buildConfigurationList = 67DAD5C32D082F6D009E669C /* Build configuration list for PBXProject "TP6" */;
			compatibilityVersion = "Xcode 14.0";
			developmentRegion = en;
			hasScannedForEncodings = 0;
			knownRegions = (
				en,
				Base,
			);
			mainGroup = 67DAD5BF2D082F6D009E669C;
			productRefGroup = 67DAD5C92D082F6D009E669C /* Products */;
			projectDirPath = "";
			projectRoot = "";
			targets = (
				67DAD5C72D082F6D009E669C /* TP6 */,
				67DAD5DD2D082F6F009E669C /* TP6Tests */,
				67DAD5E72D082F6F009E669C /* TP6UITests */,
			);
		};
/* End PBXProject section */

/* Begin PBXResourcesBuildPhase section */
		67DAD5C62D082F6D009E669C /* Resources */ = {
			isa = PBXResourcesBuildPhase;
			buildActionMask = 2147483647;
			files = (
				67DAD5D52D082F6F009E669C /* Assets.xcassets in Resources */,
				67DAD5D82D082F6F009E669C /* Base in Resources */,
				67DAD5D32D082F6D009E669C /* Base in Resources */,
			);
			runOnlyForDeploymentPostprocessing = 0;
		};
		67DAD5DC2D082F6F009E669C /* Resources */ = {
			isa = PBXResourcesBuildPhase;
			buildActionMask = 2147483647;
			files = (
			);
			runOnlyForDeploymentPostprocessing = 0;
		};
		67DAD5E62D082F6F009E669C /* Resources */ = {
			isa = PBXResourcesBuildPhase;
			buildActionMask = 2147483647;
			files = (
			);
			runOnlyForDeploymentPostprocessing = 0;
		};
/* End PBXResourcesBuildPhase section */

/* Begin PBXSourcesBuildPhase section */
		67DAD5C42D082F6D009E669C /* Sources */ = {
			isa = PBXSourcesBuildPhase;
			buildActionMask = 2147483647;
			files = (
				67DAD5D02D082F6D009E669C /* ViewController.swift in Sources */,
				67DAD5FC2D083666009E669C /* dataTools.swift in Sources */,
				67DAD5CC2D082F6D009E669C /* AppDelegate.swift in Sources */,
				67DAD5CE2D082F6D009E669C /* SceneDelegate.swift in Sources */,
				67DAD5FE2D08428F009E669C /* LightningImpact.swift in Sources */,
			);
			runOnlyForDeploymentPostprocessing = 0;
		};
		67DAD5DA2D082F6F009E669C /* Sources */ = {
			isa = PBXSourcesBuildPhase;
			buildActionMask = 2147483647;
			files = (
				67DAD5E32D082F6F009E669C /* TP6Tests.swift in Sources */,
			);
			runOnlyForDeploymentPostprocessing = 0;
		};
		67DAD5E42D082F6F009E669C /* Sources */ = {
			isa = PBXSourcesBuildPhase;
			buildActionMask = 2147483647;
			files = (
				67DAD5ED2D082F6F009E669C /* TP6UITests.swift in Sources */,
				67DAD5EF2D082F6F009E669C /* TP6UITestsLaunchTests.swift in Sources */,
			);
			runOnlyForDeploymentPostprocessing = 0;
		};
/* End PBXSourcesBuildPhase section */

/* Begin PBXTargetDependency section */
		67DAD5E02D082F6F009E669C /* PBXTargetDependency */ = {
			isa = PBXTargetDependency;
			target = 67DAD5C72D082F6D009E669C /* TP6 */;
			targetProxy = 67DAD5DF2D082F6F009E669C /* PBXContainerItemProxy */;
		};
		67DAD5EA2D082F6F009E669C /* PBXTargetDependency */ = {
			isa = PBXTargetDependency;
			target = 67DAD5C72D082F6D009E669C /* TP6 */;
			targetProxy = 67DAD5E92D082F6F009E669C /* PBXContainerItemProxy */;
		};
/* End PBXTargetDependency section */

/* Begin PBXVariantGroup section */
		67DAD5D12D082F6D009E669C /* Main.storyboard */ = {
			isa = PBXVariantGroup;
			children = (
				67DAD5D22D082F6D009E669C /* Base */,
			);
			name = Main.storyboard;
			sourceTree = "<group>";
		};
		67DAD5D62D082F6F009E669C /* LaunchScreen.storyboard */ = {
			isa = PBXVariantGroup;
			children = (
				67DAD5D72D082F6F009E669C /* Base */,
			);
			name = LaunchScreen.storyboard;
			sourceTree = "<group>";
		};
/* End PBXVariantGroup section */

/* Begin XCBuildConfiguration section */
		67DAD5F02D082F6F009E669C /* Debug */ = {
			isa = XCBuildConfiguration;
			buildSettings = {
				ALWAYS_SEARCH_USER_PATHS = NO;
				ASSETCATALOG_COMPILER_GENERATE_SWIFT_ASSET_SYMBOL_EXTENSIONS = YES;
				CLANG_ANALYZER_NONNULL = YES;
				CLANG_ANALYZER_NUMBER_OBJECT_CONVERSION = YES_AGGRESSIVE;
				CLANG_CXX_LANGUAGE_STANDARD = "gnu++20";
				CLANG_ENABLE_MODULES = YES;
				CLANG_ENABLE_OBJC_ARC = YES;
				CLANG_ENABLE_OBJC_WEAK = YES;
				CLANG_WARN_BLOCK_CAPTURE_AUTORELEASING = YES;
				CLANG_WARN_BOOL_CONVERSION = YES;
				CLANG_WARN_COMMA = YES;
				CLANG_WARN_CONSTANT_CONVERSION = YES;
				CLANG_WARN_DEPRECATED_OBJC_IMPLEMENTATIONS = YES;
				CLANG_WARN_DIRECT_OBJC_ISA_USAGE = YES_ERROR;
				CLANG_WARN_DOCUMENTATION_COMMENTS = YES;
				CLANG_WARN_EMPTY_BODY = YES;
				CLANG_WARN_ENUM_CONVERSION = YES;
				CLANG_WARN_INFINITE_RECURSION = YES;
				CLANG_WARN_INT_CONVERSION = YES;
				CLANG_WARN_NON_LITERAL_NULL_CONVERSION = YES;
				CLANG_WARN_OBJC_IMPLICIT_RETAIN_SELF = YES;
				CLANG_WARN_OBJC_LITERAL_CONVERSION = YES;
				CLANG_WARN_OBJC_ROOT_CLASS = YES_ERROR;
				CLANG_WARN_QUOTED_INCLUDE_IN_FRAMEWORK_HEADER = YES;
				CLANG_WARN_RANGE_LOOP_ANALYSIS = YES;
				CLANG_WARN_STRICT_PROTOTYPES = YES;
				CLANG_WARN_SUSPICIOUS_MOVE = YES;
				CLANG_WARN_UNGUARDED_AVAILABILITY = YES_AGGRESSIVE;
				CLANG_WARN_UNREACHABLE_CODE = YES;
				CLANG_WARN__DUPLICATE_METHOD_MATCH = YES;
				COPY_PHASE_STRIP = NO;
				DEBUG_INFORMATION_FORMAT = dwarf;
				ENABLE_STRICT_OBJC_MSGSEND = YES;
				ENABLE_TESTABILITY = YES;
				ENABLE_USER_SCRIPT_SANDBOXING = YES;
				GCC_C_LANGUAGE_STANDARD = gnu17;
				GCC_DYNAMIC_NO_PIC = NO;
				GCC_NO_COMMON_BLOCKS = YES;
				GCC_OPTIMIZATION_LEVEL = 0;
				GCC_PREPROCESSOR_DEFINITIONS = (
					"DEBUG=1",
					"$(inherited)",
				);
				GCC_WARN_64_TO_32_BIT_CONVERSION = YES;
				GCC_WARN_ABOUT_RETURN_TYPE = YES_ERROR;
				GCC_WARN_UNDECLARED_SELECTOR = YES;
				GCC_WARN_UNINITIALIZED_AUTOS = YES_AGGRESSIVE;
				GCC_WARN_UNUSED_FUNCTION = YES;
				GCC_WARN_UNUSED_VARIABLE = YES;
				IPHONEOS_DEPLOYMENT_TARGET = 17.5;
				LOCALIZATION_PREFERS_STRING_CATALOGS = YES;
				MTL_ENABLE_DEBUG_INFO = INCLUDE_SOURCE;
				MTL_FAST_MATH = YES;
				ONLY_ACTIVE_ARCH = YES;
				SDKROOT = iphoneos;
				SWIFT_ACTIVE_COMPILATION_CONDITIONS = "DEBUG $(inherited)";
				SWIFT_OPTIMIZATION_LEVEL = "-Onone";
			};
			name = Debug;
		};
		67DAD5F12D082F6F009E669C /* Release */ = {
			isa = XCBuildConfiguration;
			buildSettings = {
				ALWAYS_SEARCH_USER_PATHS = NO;
				ASSETCATALOG_COMPILER_GENERATE_SWIFT_ASSET_SYMBOL_EXTENSIONS = YES;
				CLANG_ANALYZER_NONNULL = YES;
				CLANG_ANALYZER_NUMBER_OBJECT_CONVERSION = YES_AGGRESSIVE;
				CLANG_CXX_LANGUAGE_STANDARD = "gnu++20";
				CLANG_ENABLE_MODULES = YES;
				CLANG_ENABLE_OBJC_ARC = YES;
				CLANG_ENABLE_OBJC_WEAK = YES;
				CLANG_WARN_BLOCK_CAPTURE_AUTORELEASING = YES;
				CLANG_WARN_BOOL_CONVERSION = YES;
				CLANG_WARN_COMMA = YES;
				CLANG_WARN_CONSTANT_CONVERSION = YES;
				CLANG_WARN_DEPRECATED_OBJC_IMPLEMENTATIONS = YES;
				CLANG_WARN_DIRECT_OBJC_ISA_USAGE = YES_ERROR;
				CLANG_WARN_DOCUMENTATION_COMMENTS = YES;
				CLANG_WARN_EMPTY_BODY = YES;
				CLANG_WARN_ENUM_CONVERSION = YES;
				CLANG_WARN_INFINITE_RECURSION = YES;
				CLANG_WARN_INT_CONVERSION = YES;
				CLANG_WARN_NON_LITERAL_NULL_CONVERSION = YES;
				CLANG_WARN_OBJC_IMPLICIT_RETAIN_SELF = YES;
				CLANG_WARN_OBJC_LITERAL_CONVERSION = YES;
				CLANG_WARN_OBJC_ROOT_CLASS = YES_ERROR;
				CLANG_WARN_QUOTED_INCLUDE_IN_FRAMEWORK_HEADER = YES;
				CLANG_WARN_RANGE_LOOP_ANALYSIS = YES;
				CLANG_WARN_STRICT_PROTOTYPES = YES;
				CLANG_WARN_SUSPICIOUS_MOVE = YES;
				CLANG_WARN_UNGUARDED_AVAILABILITY = YES_AGGRESSIVE;
				CLANG_WARN_UNREACHABLE_CODE = YES;
				CLANG_WARN__DUPLICATE_METHOD_MATCH = YES;
				COPY_PHASE_STRIP = NO;
				DEBUG_INFORMATION_FORMAT = "dwarf-with-dsym";
				ENABLE_NS_ASSERTIONS = NO;
				ENABLE_STRICT_OBJC_MSGSEND = YES;
				ENABLE_USER_SCRIPT_SANDBOXING = YES;
				GCC_C_LANGUAGE_STANDARD = gnu17;
				GCC_NO_COMMON_BLOCKS = YES;
				GCC_WARN_64_TO_32_BIT_CONVERSION = YES;
				GCC_WARN_ABOUT_RETURN_TYPE = YES_ERROR;
				GCC_WARN_UNDECLARED_SELECTOR = YES;
				GCC_WARN_UNINITIALIZED_AUTOS = YES_AGGRESSIVE;
				GCC_WARN_UNUSED_FUNCTION = YES;
				GCC_WARN_UNUSED_VARIABLE = YES;
				IPHONEOS_DEPLOYMENT_TARGET = 17.5;
				LOCALIZATION_PREFERS_STRING_CATALOGS = YES;
				MTL_ENABLE_DEBUG_INFO = NO;
				MTL_FAST_MATH = YES;
				SDKROOT = iphoneos;
				SWIFT_COMPILATION_MODE = wholemodule;
				VALIDATE_PRODUCT = YES;
			};
			name = Release;
		};
		67DAD5F32D082F6F009E669C /* Debug */ = {
			isa = XCBuildConfiguration;
			buildSettings = {
				ASSETCATALOG_COMPILER_APPICON_NAME = AppIcon;
				ASSETCATALOG_COMPILER_GLOBAL_ACCENT_COLOR_NAME = AccentColor;
				CODE_SIGN_STYLE = Automatic;
				CURRENT_PROJECT_VERSION = 1;
				DEVELOPMENT_TEAM = HR9LYXBJ88;
				GENERATE_INFOPLIST_FILE = YES;
				INFOPLIST_FILE = TP6/Info.plist;
				INFOPLIST_KEY_UIApplicationSupportsIndirectInputEvents = YES;
				INFOPLIST_KEY_UILaunchStoryboardName = LaunchScreen;
				INFOPLIST_KEY_UIMainStoryboardFile = Main;
				INFOPLIST_KEY_UISupportedInterfaceOrientations_iPad = "UIInterfaceOrientationPortrait UIInterfaceOrientationPortraitUpsideDown UIInterfaceOrientationLandscapeLeft UIInterfaceOrientationLandscapeRight";
				INFOPLIST_KEY_UISupportedInterfaceOrientations_iPhone = "UIInterfaceOrientationPortrait UIInterfaceOrientationLandscapeLeft UIInterfaceOrientationLandscapeRight";
				LD_RUNPATH_SEARCH_PATHS = (
					"$(inherited)",
					"@executable_path/Frameworks",
				);
				MARKETING_VERSION = 1.0;
				PRODUCT_BUNDLE_IDENTIFIER = ICOM.TP6;
				PRODUCT_NAME = "$(TARGET_NAME)";
				SWIFT_EMIT_LOC_STRINGS = YES;
				SWIFT_VERSION = 5.0;
				TARGETED_DEVICE_FAMILY = "1,2";
			};
			name = Debug;
		};
		67DAD5F42D082F6F009E669C /* Release */ = {
			isa = XCBuildConfiguration;
			buildSettings = {
				ASSETCATALOG_COMPILER_APPICON_NAME = AppIcon;
				ASSETCATALOG_COMPILER_GLOBAL_ACCENT_COLOR_NAME = AccentColor;
				CODE_SIGN_STYLE = Automatic;
				CURRENT_PROJECT_VERSION = 1;
				DEVELOPMENT_TEAM = HR9LYXBJ88;
				GENERATE_INFOPLIST_FILE = YES;
				INFOPLIST_FILE = TP6/Info.plist;
				INFOPLIST_KEY_UIApplicationSupportsIndirectInputEvents = YES;
				INFOPLIST_KEY_UILaunchStoryboardName = LaunchScreen;
				INFOPLIST_KEY_UIMainStoryboardFile = Main;
				INFOPLIST_KEY_UISupportedInterfaceOrientations_iPad = "UIInterfaceOrientationPortrait UIInterfaceOrientationPortraitUpsideDown UIInterfaceOrientationLandscapeLeft UIInterfaceOrientationLandscapeRight";
				INFOPLIST_KEY_UISupportedInterfaceOrientations_iPhone = "UIInterfaceOrientationPortrait UIInterfaceOrientationLandscapeLeft UIInterfaceOrientationLandscapeRight";
				LD_RUNPATH_SEARCH_PATHS = (
					"$(inherited)",
					"@executable_path/Frameworks",
				);
				MARKETING_VERSION = 1.0;
				PRODUCT_BUNDLE_IDENTIFIER = ICOM.TP6;
				PRODUCT_NAME = "$(TARGET_NAME)";
				SWIFT_EMIT_LOC_STRINGS = YES;
				SWIFT_VERSION = 5.0;
				TARGETED_DEVICE_FAMILY = "1,2";
			};
			name = Release;
		};
		67DAD5F62D082F6F009E669C /* Debug */ = {
			isa = XCBuildConfiguration;
			buildSettings = {
				ALWAYS_EMBED_SWIFT_STANDARD_LIBRARIES = YES;
				BUNDLE_LOADER = "$(TEST_HOST)";
				CODE_SIGN_STYLE = Automatic;
				CURRENT_PROJECT_VERSION = 1;
				DEVELOPMENT_TEAM = HR9LYXBJ88;
				GENERATE_INFOPLIST_FILE = YES;
				IPHONEOS_DEPLOYMENT_TARGET = 17.5;
				MARKETING_VERSION = 1.0;
				PRODUCT_BUNDLE_IDENTIFIER = ICOM.TP6Tests;
				PRODUCT_NAME = "$(TARGET_NAME)";
				SWIFT_EMIT_LOC_STRINGS = NO;
				SWIFT_VERSION = 5.0;
				TARGETED_DEVICE_FAMILY = "1,2";
				TEST_HOST = "$(BUILT_PRODUCTS_DIR)/TP6.app/$(BUNDLE_EXECUTABLE_FOLDER_PATH)/TP6";
			};
			name = Debug;
		};
		67DAD5F72D082F6F009E669C /* Release */ = {
			isa = XCBuildConfiguration;
			buildSettings = {
				ALWAYS_EMBED_SWIFT_STANDARD_LIBRARIES = YES;
				BUNDLE_LOADER = "$(TEST_HOST)";
				CODE_SIGN_STYLE = Automatic;
				CURRENT_PROJECT_VERSION = 1;
				DEVELOPMENT_TEAM = HR9LYXBJ88;
				GENERATE_INFOPLIST_FILE = YES;
				IPHONEOS_DEPLOYMENT_TARGET = 17.5;
				MARKETING_VERSION = 1.0;
				PRODUCT_BUNDLE_IDENTIFIER = ICOM.TP6Tests;
				PRODUCT_NAME = "$(TARGET_NAME)";
				SWIFT_EMIT_LOC_STRINGS = NO;
				SWIFT_VERSION = 5.0;
				TARGETED_DEVICE_FAMILY = "1,2";
				TEST_HOST = "$(BUILT_PRODUCTS_DIR)/TP6.app/$(BUNDLE_EXECUTABLE_FOLDER_PATH)/TP6";
			};
			name = Release;
		};
		67DAD5F92D082F6F009E669C /* Debug */ = {
			isa = XCBuildConfiguration;
			buildSettings = {
				ALWAYS_EMBED_SWIFT_STANDARD_LIBRARIES = YES;
				CODE_SIGN_STYLE = Automatic;
				CURRENT_PROJECT_VERSION = 1;
				DEVELOPMENT_TEAM = HR9LYXBJ88;
				GENERATE_INFOPLIST_FILE = YES;
				MARKETING_VERSION = 1.0;
				PRODUCT_BUNDLE_IDENTIFIER = ICOM.TP6UITests;
				PRODUCT_NAME = "$(TARGET_NAME)";
				SWIFT_EMIT_LOC_STRINGS = NO;
				SWIFT_VERSION = 5.0;
				TARGETED_DEVICE_FAMILY = "1,2";
				TEST_TARGET_NAME = TP6;
			};
			name = Debug;
		};
		67DAD5FA2D082F6F009E669C /* Release */ = {
			isa = XCBuildConfiguration;
			buildSettings = {
				ALWAYS_EMBED_SWIFT_STANDARD_LIBRARIES = YES;
				CODE_SIGN_STYLE = Automatic;
				CURRENT_PROJECT_VERSION = 1;
				DEVELOPMENT_TEAM = HR9LYXBJ88;
				GENERATE_INFOPLIST_FILE = YES;
				MARKETING_VERSION = 1.0;
				PRODUCT_BUNDLE_IDENTIFIER = ICOM.TP6UITests;
				PRODUCT_NAME = "$(TARGET_NAME)";
				SWIFT_EMIT_LOC_STRINGS = NO;
				SWIFT_VERSION = 5.0;
				TARGETED_DEVICE_FAMILY = "1,2";
				TEST_TARGET_NAME = TP6;
			};
			name = Release;
		};
/* End XCBuildConfiguration section */

/* Begin XCConfigurationList section */
		67DAD5C32D082F6D009E669C /* Build configuration list for PBXProject "TP6" */ = {
			isa = XCConfigurationList;
			buildConfigurations = (
				67DAD5F02D082F6F009E669C /* Debug */,
				67DAD5F12D082F6F009E669C /* Release */,
			);
			defaultConfigurationIsVisible = 0;
			defaultConfigurationName = Release;
		};
		67DAD5F22D082F6F009E669C /* Build configuration list for PBXNativeTarget "TP6" */ = {
			isa = XCConfigurationList;
			buildConfigurations = (
				67DAD5F32D082F6F009E669C /* Debug */,
				67DAD5F42D082F6F009E669C /* Release */,
			);
			defaultConfigurationIsVisible = 0;
			defaultConfigurationName = Release;
		};
		67DAD5F52D082F6F009E669C /* Build configuration list for PBXNativeTarget "TP6Tests" */ = {
			isa = XCConfigurationList;
			buildConfigurations = (
				67DAD5F62D082F6F009E669C /* Debug */,
				67DAD5F72D082F6F009E669C /* Release */,
			);
			defaultConfigurationIsVisible = 0;
			defaultConfigurationName = Release;
		};
		67DAD5F82D082F6F009E669C /* Build configuration list for PBXNativeTarget "TP6UITests" */ = {
			isa = XCConfigurationList;
			buildConfigurations = (
				67DAD5F92D082F6F009E669C /* Debug */,
				67DAD5FA2D082F6F009E669C /* Release */,
			);
			defaultConfigurationIsVisible = 0;
			defaultConfigurationName = Release;
		};
/* End XCConfigurationList section */
	};
	rootObject = 67DAD5C02D082F6D009E669C /* Project object */;
}
